
Microsoft Visual Studio Solution File, Format Version 12.00
# Visual Studio 15
VisualStudioVersion = 15.0.28307.168
MinimumVisualStudioVersion = 10.0.40219.1
Project("{FAE04EC0-301F-11D3-BF4B-00C04F79EFBC}") = "WaconiaWeather.Android", "WaconiaWeather\WaconiaWeather.Android\WaconiaWeather.Android.csproj", "{7C28B768-8A2A-4673-9CB6-4A2EFA95843C}"
EndProject
Project("{FAE04EC0-301F-11D3-BF4B-00C04F79EFBC}") = "WaconiaWeather.iOS", "WaconiaWeather\WaconiaWeather.iOS\WaconiaWeather.iOS.csproj", "{EA7E1D83-D85E-41E3-9894-6AE52F08AEF8}"
EndProject
Project("{FAE04EC0-301F-11D3-BF4B-00C04F79EFBC}") = "WaconiaWeather", "WaconiaWeather\WaconiaWeather\WaconiaWeather.csproj", "{F3CAA791-E103-40C6-A4CC-CFD772399668}"
EndProject
Global
	GlobalSection(SolutionConfigurationPlatforms) = preSolution
		Ad-Hoc|Any CPU = Ad-Hoc|Any CPU
		Ad-Hoc|iPhone = Ad-Hoc|iPhone
		Ad-Hoc|iPhoneSimulator = Ad-Hoc|iPhoneSimulator
		AppStore|Any CPU = AppStore|Any CPU
		AppStore|iPhone = AppStore|iPhone
		AppStore|iPhoneSimulator = AppStore|iPhoneSimulator
		Debug|Any CPU = Debug|Any CPU
		Debug|iPhone = Debug|iPhone
		Debug|iPhoneSimulator = Debug|iPhoneSimulator
		Release|Any CPU = Release|Any CPU
		Release|iPhone = Release|iPhone
		Release|iPhoneSimulator = Release|iPhoneSimulator
	EndGlobalSection
	GlobalSection(ProjectConfigurationPlatforms) = postSolution
		{7C28B768-8A2A-4673-9CB6-4A2EFA95843C}.Ad-Hoc|Any CPU.ActiveCfg = Release|Any CPU
		{7C28B768-8A2A-4673-9CB6-4A2EFA95843C}.Ad-Hoc|Any CPU.Build.0 = Release|Any CPU
		{7C28B768-8A2A-4673-9CB6-4A2EFA95843C}.Ad-Hoc|Any CPU.Deploy.0 = Release|Any CPU
		{7C28B768-8A2A-4673-9CB6-4A2EFA95843C}.Ad-Hoc|iPhone.ActiveCfg = Release|Any CPU
		{7C28B768-8A2A-4673-9CB6-4A2EFA95843C}.Ad-Hoc|iPhone.Build.0 = Release|Any CPU
		{7C28B768-8A2A-4673-9CB6-4A2EFA95843C}.Ad-Hoc|iPhone.Deploy.0 = Release|Any CPU
		{7C28B768-8A2A-4673-9CB6-4A2EFA95843C}.Ad-Hoc|iPhoneSimulator.ActiveCfg = Release|Any CPU
		{7C28B768-8A2A-4673-9CB6-4A2EFA95843C}.Ad-Hoc|iPhoneSimulator.Build.0 = Release|Any CPU
		{7C28B768-8A2A-4673-9CB6-4A2EFA95843C}.Ad-Hoc|iPhoneSimulator.Deploy.0 = Release|Any CPU
		{7C28B768-8A2A-4673-9CB6-4A2EFA95843C}.AppStore|Any CPU.ActiveCfg = Release|Any CPU
		{7C28B768-8A2A-4673-9CB6-4A2EFA95843C}.AppStore|Any CPU.Build.0 = Release|Any CPU
		{7C28B768-8A2A-4673-9CB6-4A2EFA95843C}.AppStore|Any CPU.Deploy.0 = Release|Any CPU
		{7C28B768-8A2A-4673-9CB6-4A2EFA95843C}.AppStore|iPhone.ActiveCfg = Release|Any CPU
		{7C28B768-8A2A-4673-9CB6-4A2EFA95843C}.AppStore|iPhone.Build.0 = Release|Any CPU
		{7C28B768-8A2A-4673-9CB6-4A2EFA95843C}.AppStore|iPhone.Deploy.0 = Release|Any CPU
		{7C28B768-8A2A-4673-9CB6-4A2EFA95843C}.AppStore|iPhoneSimulator.ActiveCfg = Release|Any CPU
		{7C28B768-8A2A-4673-9CB6-4A2EFA95843C}.AppStore|iPhoneSimulator.Build.0 = Release|Any CPU
		{7C28B768-8A2A-4673-9CB6-4A2EFA95843C}.AppStore|iPhoneSimulator.Deploy.0 = Release|Any CPU
		{7C28B768-8A2A-4673-9CB6-4A2EFA95843C}.Debug|Any CPU.ActiveCfg = Debug|Any CPU
		{7C28B768-8A2A-4673-9CB6-4A2EFA95843C}.Debug|Any CPU.Build.0 = Debug|Any CPU
		{7C28B768-8A2A-4673-9CB6-4A2EFA95843C}.Debug|Any CPU.Deploy.0 = Debug|Any CPU
		{7C28B768-8A2A-4673-9CB6-4A2EFA95843C}.Debug|iPhone.ActiveCfg = Debug|Any CPU
		{7C28B768-8A2A-4673-9CB6-4A2EFA95843C}.Debug|iPhone.Build.0 = Debug|Any CPU
		{7C28B768-8A2A-4673-9CB6-4A2EFA95843C}.Debug|iPhone.Deploy.0 = Debug|Any CPU
		{7C28B768-8A2A-4673-9CB6-4A2EFA95843C}.Debug|iPhoneSimulator.ActiveCfg = Debug|Any CPU
		{7C28B768-8A2A-4673-9CB6-4A2EFA95843C}.Debug|iPhoneSimulator.Build.0 = Debug|Any CPU
		{7C28B768-8A2A-4673-9CB6-4A2EFA95843C}.Debug|iPhoneSimulator.Deploy.0 = Debug|Any CPU
		{7C28B768-8A2A-4673-9CB6-4A2EFA95843C}.Release|Any CPU.ActiveCfg = Release|Any CPU
		{7C28B768-8A2A-4673-9CB6-4A2EFA95843C}.Release|Any CPU.Build.0 = Release|Any CPU
		{7C28B768-8A2A-4673-9CB6-4A2EFA95843C}.Release|Any CPU.Deploy.0 = Release|Any CPU
		{7C28B768-8A2A-4673-9CB6-4A2EFA95843C}.Release|iPhone.ActiveCfg = Release|Any CPU
		{7C28B768-8A2A-4673-9CB6-4A2EFA95843C}.Release|iPhone.Build.0 = Release|Any CPU
		{7C28B768-8A2A-4673-9CB6-4A2EFA95843C}.Release|iPhone.Deploy.0 = Release|Any CPU
		{7C28B768-8A2A-4673-9CB6-4A2EFA95843C}.Release|iPhoneSimulator.ActiveCfg = Release|Any CPU
		{7C28B768-8A2A-4673-9CB6-4A2EFA95843C}.Release|iPhoneSimulator.Build.0 = Release|Any CPU
		{7C28B768-8A2A-4673-9CB6-4A2EFA95843C}.Release|iPhoneSimulator.Deploy.0 = Release|Any CPU
		{EA7E1D83-D85E-41E3-9894-6AE52F08AEF8}.Ad-Hoc|Any CPU.ActiveCfg = Ad-Hoc|iPhone
		{EA7E1D83-D85E-41E3-9894-6AE52F08AEF8}.Ad-Hoc|Any CPU.Build.0 = Ad-Hoc|iPhone
		{EA7E1D83-D85E-41E3-9894-6AE52F08AEF8}.Ad-Hoc|Any CPU.Deploy.0 = Ad-Hoc|iPhone
		{EA7E1D83-D85E-41E3-9894-6AE52F08AEF8}.Ad-Hoc|iPhone.ActiveCfg = Ad-Hoc|iPhone
		{EA7E1D83-D85E-41E3-9894-6AE52F08AEF8}.Ad-Hoc|iPhone.Build.0 = Ad-Hoc|iPhone
		{EA7E1D83-D85E-41E3-9894-6AE52F08AEF8}.Ad-Hoc|iPhone.Deploy.0 = Ad-Hoc|iPhone
		{EA7E1D83-D85E-41E3-9894-6AE52F08AEF8}.Ad-Hoc|iPhoneSimulator.ActiveCfg = Ad-Hoc|iPhoneSimulator
		{EA7E1D83-D85E-41E3-9894-6AE52F08AEF8}.Ad-Hoc|iPhoneSimulator.Build.0 = Ad-Hoc|iPhoneSimulator
		{EA7E1D83-D85E-41E3-9894-6AE52F08AEF8}.Ad-Hoc|iPhoneSimulator.Deploy.0 = Ad-Hoc|iPhoneSimulator
		{EA7E1D83-D85E-41E3-9894-6AE52F08AEF8}.AppStore|Any CPU.ActiveCfg = AppStore|iPhone
		{EA7E1D83-D85E-41E3-9894-6AE52F08AEF8}.AppStore|Any CPU.Build.0 = AppStore|iPhone
		{EA7E1D83-D85E-41E3-9894-6AE52F08AEF8}.AppStore|Any CPU.Deploy.0 = AppStore|iPhone
		{EA7E1D83-D85E-41E3-9894-6AE52F08AEF8}.AppStore|iPhone.ActiveCfg = AppStore|iPhone
		{EA7E1D83-D85E-41E3-9894-6AE52F08AEF8}.AppStore|iPhone.Build.0 = AppStore|iPhone
		{EA7E1D83-D85E-41E3-9894-6AE52F08AEF8}.AppStore|iPhone.Deploy.0 = AppStore|iPhone
		{EA7E1D83-D85E-41E3-9894-6AE52F08AEF8}.AppStore|iPhoneSimulator.ActiveCfg = AppStore|iPhoneSimulator
		{EA7E1D83-D85E-41E3-9894-6AE52F08AEF8}.AppStore|iPhoneSimulator.Build.0 = AppStore|iPhoneSimulator
		{EA7E1D83-D85E-41E3-9894-6AE52F08AEF8}.AppStore|iPhoneSimulator.Deploy.0 = AppStore|iPhoneSimulator
		{EA7E1D83-D85E-41E3-9894-6AE52F08AEF8}.Debug|Any CPU.ActiveCfg = Debug|iPhoneSimulator
		{EA7E1D83-D85E-41E3-9894-6AE52F08AEF8}.Debug|Any CPU.Build.0 = Debug|iPhoneSimulator
		{EA7E1D83-D85E-41E3-9894-6AE52F08AEF8}.Debug|Any CPU.Deploy.0 = Debug|iPhoneSimulator
		{EA7E1D83-D85E-41E3-9894-6AE52F08AEF8}.Debug|iPhone.ActiveCfg = Debug|iPhone
		{EA7E1D83-D85E-41E3-9894-6AE52F08AEF8}.Debug|iPhone.Build.0 = Debug|iPhone
		{EA7E1D83-D85E-41E3-9894-6AE52F08AEF8}.Debug|iPhone.Deploy.0 = Debug|iPhone
		{EA7E1D83-D85E-41E3-9894-6AE52F08AEF8}.Debug|iPhoneSimulator.ActiveCfg = Debug|iPhoneSimulator
		{EA7E1D83-D85E-41E3-9894-6AE52F08AEF8}.Debug|iPhoneSimulator.Build.0 = Debug|iPhoneSimulator
		{EA7E1D83-D85E-41E3-9894-6AE52F08AEF8}.Debug|iPhoneSimulator.Deploy.0 = Debug|iPhoneSimulator
		{EA7E1D83-D85E-41E3-9894-6AE52F08AEF8}.Release|Any CPU.ActiveCfg = Release|iPhone
		{EA7E1D83-D85E-41E3-9894-6AE52F08AEF8}.Release|Any CPU.Build.0 = Release|iPhone
		{EA7E1D83-D85E-41E3-9894-6AE52F08AEF8}.Release|Any CPU.Deploy.0 = Release|iPhone
		{EA7E1D83-D85E-41E3-9894-6AE52F08AEF8}.Release|iPhone.ActiveCfg = Release|iPhone
		{EA7E1D83-D85E-41E3-9894-6AE52F08AEF8}.Release|iPhone.Build.0 = Release|iPhone
		{EA7E1D83-D85E-41E3-9894-6AE52F08AEF8}.Release|iPhone.Deploy.0 = Release|iPhone
		{EA7E1D83-D85E-41E3-9894-6AE52F08AEF8}.Release|iPhoneSimulator.ActiveCfg = Release|iPhoneSimulator
		{EA7E1D83-D85E-41E3-9894-6AE52F08AEF8}.Release|iPhoneSimulator.Build.0 = Release|iPhoneSimulator
		{EA7E1D83-D85E-41E3-9894-6AE52F08AEF8}.Release|iPhoneSimulator.Deploy.0 = Release|iPhoneSimulator
		{F3CAA791-E103-40C6-A4CC-CFD772399668}.Ad-Hoc|Any CPU.ActiveCfg = Debug|Any CPU
		{F3CAA791-E103-40C6-A4CC-CFD772399668}.Ad-Hoc|Any CPU.Build.0 = Debug|Any CPU
		{F3CAA791-E103-40C6-A4CC-CFD772399668}.Ad-Hoc|Any CPU.Deploy.0 = Debug|Any CPU
		{F3CAA791-E103-40C6-A4CC-CFD772399668}.Ad-Hoc|iPhone.ActiveCfg = Debug|Any CPU
		{F3CAA791-E103-40C6-A4CC-CFD772399668}.Ad-Hoc|iPhone.Build.0 = Debug|Any CPU
		{F3CAA791-E103-40C6-A4CC-CFD772399668}.Ad-Hoc|iPhone.Deploy.0 = Debug|Any CPU
		{F3CAA791-E103-40C6-A4CC-CFD772399668}.Ad-Hoc|iPhoneSimulator.ActiveCfg = Debug|Any CPU
		{F3CAA791-E103-40C6-A4CC-CFD772399668}.Ad-Hoc|iPhoneSimulator.Build.0 = Debug|Any CPU
		{F3CAA791-E103-40C6-A4CC-CFD772399668}.Ad-Hoc|iPhoneSimulator.Deploy.0 = Debug|Any CPU
		{F3CAA791-E103-40C6-A4CC-CFD772399668}.AppStore|Any CPU.ActiveCfg = Debug|Any CPU
		{F3CAA791-E103-40C6-A4CC-CFD772399668}.AppStore|Any CPU.Build.0 = Debug|Any CPU
		{F3CAA791-E103-40C6-A4CC-CFD772399668}.AppStore|Any CPU.Deploy.0 = Debug|Any CPU
		{F3CAA791-E103-40C6-A4CC-CFD772399668}.AppStore|iPhone.ActiveCfg = Debug|Any CPU
		{F3CAA791-E103-40C6-A4CC-CFD772399668}.AppStore|iPhone.Build.0 = Debug|Any CPU
		{F3CAA791-E103-40C6-A4CC-CFD772399668}.AppStore|iPhone.Deploy.0 = Debug|Any CPU
		{F3CAA791-E103-40C6-A4CC-CFD772399668}.AppStore|iPhoneSimulator.ActiveCfg = Debug|Any CPU
		{F3CAA791-E103-40C6-A4CC-CFD772399668}.AppStore|iPhoneSimulator.Build.0 = Debug|Any CPU
		{F3CAA791-E103-40C6-A4CC-CFD772399668}.AppStore|iPhoneSimulator.Deploy.0 = Debug|Any CPU
		{F3CAA791-E103-40C6-A4CC-CFD772399668}.Debug|Any CPU.ActiveCfg = Debug|Any CPU
		{F3CAA791-E103-40C6-A4CC-CFD772399668}.Debug|Any CPU.Build.0 = Debug|Any CPU
		{F3CAA791-E103-40C6-A4CC-CFD772399668}.Debug|Any CPU.Deploy.0 = Debug|Any CPU
		{F3CAA791-E103-40C6-A4CC-CFD772399668}.Debug|iPhone.ActiveCfg = Debug|Any CPU
		{F3CAA791-E103-40C6-A4CC-CFD772399668}.Debug|iPhone.Build.0 = Debug|Any CPU
		{F3CAA791-E103-40C6-A4CC-CFD772399668}.Debug|iPhone.Deploy.0 = Debug|Any CPU
		{F3CAA791-E103-40C6-A4CC-CFD772399668}.Debug|iPhoneSimulator.ActiveCfg = Debug|Any CPU
		{F3CAA791-E103-40C6-A4CC-CFD772399668}.Debug|iPhoneSimulator.Build.0 = Debug|Any CPU
		{F3CAA791-E103-40C6-A4CC-CFD772399668}.Debug|iPhoneSimulator.Deploy.0 = Debug|Any CPU
		{F3CAA791-E103-40C6-A4CC-CFD772399668}.Release|Any CPU.ActiveCfg = Release|Any CPU
		{F3CAA791-E103-40C6-A4CC-CFD772399668}.Release|Any CPU.Build.0 = Release|Any CPU
		{F3CAA791-E103-40C6-A4CC-CFD772399668}.Release|Any CPU.Deploy.0 = Release|Any CPU
		{F3CAA791-E103-40C6-A4CC-CFD772399668}.Release|iPhone.ActiveCfg = Release|Any CPU
		{F3CAA791-E103-40C6-A4CC-CFD772399668}.Release|iPhone.Build.0 = Release|Any CPU
		{F3CAA791-E103-40C6-A4CC-CFD772399668}.Release|iPhone.Deploy.0 = Release|Any CPU
		{F3CAA791-E103-40C6-A4CC-CFD772399668}.Release|iPhoneSimulator.ActiveCfg = Release|Any CPU
		{F3CAA791-E103-40C6-A4CC-CFD772399668}.Release|iPhoneSimulator.Build.0 = Release|Any CPU
		{F3CAA791-E103-40C6-A4CC-CFD772399668}.Release|iPhoneSimulator.Deploy.0 = Release|Any CPU
	EndGlobalSection
	GlobalSection(SolutionProperties) = preSolution
		HideSolutionNode = FALSE
	EndGlobalSection
	GlobalSection(ExtensibilityGlobals) = postSolution
		SolutionGuid = {7CDA7647-FC07-4519-BEF3-2A9E98430DED}
	EndGlobalSection
EndGlobal
